
Microsoft Visual Studio Solution File, Format Version 12.00
# Visual Studio Version 16
VisualStudioVersion = 16.0.30804.86
MinimumVisualStudioVersion = 10.0.40219.1
Project("{9A19103F-16F7-4668-BE54-9A1E7A4F7556}") = "ConsoleAppProject", "ConsoleAppProject\ConsoleAppProject.csproj", "{4F3D34EE-E1CE-4856-A961-A95EDA56E817}"
EndProject
Project("{9A19103F-16F7-4668-BE54-9A1E7A4F7556}") = "StudentGrades", "StudentGrades\StudentGrades.csproj", "{E56BECDC-5360-4317-888A-09327E6CF568}"
EndProject
Global
	GlobalSection(SolutionConfigurationPlatforms) = preSolution
		Debug|Any CPU = Debug|Any CPU
		Release|Any CPU = Release|Any CPU
	EndGlobalSection
	GlobalSection(ProjectConfigurationPlatforms) = postSolution
		{4F3D34EE-E1CE-4856-A961-A95EDA56E817}.Debug|Any CPU.ActiveCfg = Debug|Any CPU
		{4F3D34EE-E1CE-4856-A961-A95EDA56E817}.Debug|Any CPU.Build.0 = Debug|Any CPU
		{4F3D34EE-E1CE-4856-A961-A95EDA56E817}.Release|Any CPU.ActiveCfg = Release|Any CPU
		{4F3D34EE-E1CE-4856-A961-A95EDA56E817}.Release|Any CPU.Build.0 = Release|Any CPU
		{E56BECDC-5360-4317-888A-09327E6CF568}.Debug|Any CPU.ActiveCfg = Debug|Any CPU
		{E56BECDC-5360-4317-888A-09327E6CF568}.Debug|Any CPU.Build.0 = Debug|Any CPU
		{E56BECDC-5360-4317-888A-09327E6CF568}.Release|Any CPU.ActiveCfg = Release|Any CPU
		{E56BECDC-5360-4317-888A-09327E6CF568}.Release|Any CPU.Build.0 = Release|Any CPU
	EndGlobalSection
	GlobalSection(SolutionProperties) = preSolution
		HideSolutionNode = FALSE
	EndGlobalSection
	GlobalSection(ExtensibilityGlobals) = postSolution
		SolutionGuid = {43EA8D92-214D-413A-8603-4CBF2D8AB60F}
	EndGlobalSection
EndGlobal
