
Microsoft Visual Studio Solution File, Format Version 12.00
# Visual Studio Version 16
VisualStudioVersion = 16.0.30804.86
MinimumVisualStudioVersion = 10.0.40219.1
Project("{9A19103F-16F7-4668-BE54-9A1E7A4F7556}") = "ConsoleAppProject", "ConsoleAppProject\ConsoleAppProject.csproj", "{C0C498FD-1AE4-4CE0-A050-C1E08874D1C5}"
EndProject
Project("{2150E333-8FDC-42A3-9474-1A3956D46DE8}") = "Solution Items", "Solution Items", "{7039BDA3-518D-4C02-8700-C74574882DEE}"
	ProjectSection(SolutionItems) = preProject
		.editorconfig = .editorconfig
	EndProjectSection
EndProject
Project("{9A19103F-16F7-4668-BE54-9A1E7A4F7556}") = "WebApplication", "WebApplication\WebApplication.csproj", "{ABD11214-D046-4639-B1FC-7B87D500D067}"
EndProject
Project("{FAE04EC0-301F-11D3-BF4B-00C04F79EFBC}") = "Applicatio02testing", "Applicatio02testing\Applicatio02testing.csproj", "{C6145896-669D-41E0-9B11-1265A7829F4E}"
EndProject
Project("{FAE04EC0-301F-11D3-BF4B-00C04F79EFBC}") = "App01UnitTest", "App01UnitTest\App01UnitTest.csproj", "{D8CF90A3-6EBE-4B53-A8C1-D4BA4D406C3B}"
EndProject
Global
	GlobalSection(SolutionConfigurationPlatforms) = preSolution
		Debug|Any CPU = Debug|Any CPU
		Release|Any CPU = Release|Any CPU
	EndGlobalSection
	GlobalSection(ProjectConfigurationPlatforms) = postSolution
		{C0C498FD-1AE4-4CE0-A050-C1E08874D1C5}.Debug|Any CPU.ActiveCfg = Debug|Any CPU
		{C0C498FD-1AE4-4CE0-A050-C1E08874D1C5}.Debug|Any CPU.Build.0 = Debug|Any CPU
		{C0C498FD-1AE4-4CE0-A050-C1E08874D1C5}.Release|Any CPU.ActiveCfg = Release|Any CPU
		{C0C498FD-1AE4-4CE0-A050-C1E08874D1C5}.Release|Any CPU.Build.0 = Release|Any CPU
		{ABD11214-D046-4639-B1FC-7B87D500D067}.Debug|Any CPU.ActiveCfg = Debug|Any CPU
		{ABD11214-D046-4639-B1FC-7B87D500D067}.Debug|Any CPU.Build.0 = Debug|Any CPU
		{ABD11214-D046-4639-B1FC-7B87D500D067}.Release|Any CPU.ActiveCfg = Release|Any CPU
		{ABD11214-D046-4639-B1FC-7B87D500D067}.Release|Any CPU.Build.0 = Release|Any CPU
		{C6145896-669D-41E0-9B11-1265A7829F4E}.Debug|Any CPU.ActiveCfg = Debug|Any CPU
		{C6145896-669D-41E0-9B11-1265A7829F4E}.Debug|Any CPU.Build.0 = Debug|Any CPU
		{C6145896-669D-41E0-9B11-1265A7829F4E}.Release|Any CPU.ActiveCfg = Release|Any CPU
		{C6145896-669D-41E0-9B11-1265A7829F4E}.Release|Any CPU.Build.0 = Release|Any CPU
		{D8CF90A3-6EBE-4B53-A8C1-D4BA4D406C3B}.Debug|Any CPU.ActiveCfg = Debug|Any CPU
		{D8CF90A3-6EBE-4B53-A8C1-D4BA4D406C3B}.Debug|Any CPU.Build.0 = Debug|Any CPU
		{D8CF90A3-6EBE-4B53-A8C1-D4BA4D406C3B}.Release|Any CPU.ActiveCfg = Release|Any CPU
		{D8CF90A3-6EBE-4B53-A8C1-D4BA4D406C3B}.Release|Any CPU.Build.0 = Release|Any CPU
	EndGlobalSection
	GlobalSection(SolutionProperties) = preSolution
		HideSolutionNode = FALSE
	EndGlobalSection
	GlobalSection(ExtensibilityGlobals) = postSolution
		SolutionGuid = {43EA8D92-214D-413A-8603-4CBF2D8AB60F}
	EndGlobalSection
EndGlobal
